
Microsoft Visual Studio Solution File, Format Version 12.00
# Visual Studio Version 17
VisualStudioVersion = 17.7.34031.279
MinimumVisualStudioVersion = 10.0.40219.1
Project("{9A19103F-16F7-4668-BE54-9A1E7A4F7556}") = "BlogPessoal", "BlogPessoal.csproj", "{C0A0C616-557F-4A54-935F-E937B7C1C348}"
EndProject
Project("{9A19103F-16F7-4668-BE54-9A1E7A4F7556}") = "BlogPessoalTeste", "..\BlogPessoalTeste\BlogPessoalTeste.csproj", "{1A47BA44-2574-4C20-B6CA-E95D97F375B6}"
EndProject
Global
	GlobalSection(SolutionConfigurationPlatforms) = preSolution
		Debug|Any CPU = Debug|Any CPU
		Release|Any CPU = Release|Any CPU
	EndGlobalSection
	GlobalSection(ProjectConfigurationPlatforms) = postSolution
		{C0A0C616-557F-4A54-935F-E937B7C1C348}.Debug|Any CPU.ActiveCfg = Debug|Any CPU
		{C0A0C616-557F-4A54-935F-E937B7C1C348}.Debug|Any CPU.Build.0 = Debug|Any CPU
		{C0A0C616-557F-4A54-935F-E937B7C1C348}.Release|Any CPU.ActiveCfg = Release|Any CPU
		{C0A0C616-557F-4A54-935F-E937B7C1C348}.Release|Any CPU.Build.0 = Release|Any CPU
		{1A47BA44-2574-4C20-B6CA-E95D97F375B6}.Debug|Any CPU.ActiveCfg = Debug|Any CPU
		{1A47BA44-2574-4C20-B6CA-E95D97F375B6}.Debug|Any CPU.Build.0 = Debug|Any CPU
		{1A47BA44-2574-4C20-B6CA-E95D97F375B6}.Release|Any CPU.ActiveCfg = Release|Any CPU
		{1A47BA44-2574-4C20-B6CA-E95D97F375B6}.Release|Any CPU.Build.0 = Release|Any CPU
	EndGlobalSection
	GlobalSection(SolutionProperties) = preSolution
		HideSolutionNode = FALSE
	EndGlobalSection
	GlobalSection(ExtensibilityGlobals) = postSolution
		SolutionGuid = {B586451B-9290-4918-83B7-FE867E4EB11D}
	EndGlobalSection
EndGlobal
